
Microsoft Visual Studio Solution File, Format Version 12.00
# Visual Studio Version 17
VisualStudioVersion = 17.3.32929.385
MinimumVisualStudioVersion = 10.0.40219.1
Project("{FAE04EC0-301F-11D3-BF4B-00C04F79EFBC}") = "PolomkaZakirova", "PolomkaZakirova\PolomkaZakirova.csproj", "{BFDF5017-0406-448F-A6EB-383BF06C071B}"
EndProject
Global
	GlobalSection(SolutionConfigurationPlatforms) = preSolution
		Debug|Any CPU = Debug|Any CPU
		Release|Any CPU = Release|Any CPU
	EndGlobalSection
	GlobalSection(ProjectConfigurationPlatforms) = postSolution
		{BFDF5017-0406-448F-A6EB-383BF06C071B}.Debug|Any CPU.ActiveCfg = Debug|Any CPU
		{BFDF5017-0406-448F-A6EB-383BF06C071B}.Debug|Any CPU.Build.0 = Debug|Any CPU
		{BFDF5017-0406-448F-A6EB-383BF06C071B}.Release|Any CPU.ActiveCfg = Release|Any CPU
		{BFDF5017-0406-448F-A6EB-383BF06C071B}.Release|Any CPU.Build.0 = Release|Any CPU
	EndGlobalSection
	GlobalSection(SolutionProperties) = preSolution
		HideSolutionNode = FALSE
	EndGlobalSection
	GlobalSection(ExtensibilityGlobals) = postSolution
		SolutionGuid = {DF27293E-1991-40CA-BC6F-54A70C39EA47}
	EndGlobalSection
EndGlobal
